{
  "nodes": {
    "flake-utils": {
      "locked": {
        "lastModified": 1659877975,
        "narHash": "sha256-zllb8aq3YO3h8B/U0/J1WBgAL8EX5yWf5pMj3G0NAmc=",
        "owner": "numtide",
        "repo": "flake-utils",
        "rev": "c0e246b9b83f637f4681389ecabcb2681b4f3af0",
        "type": "github"
      },
      "original": {
        "owner": "numtide",
        "repo": "flake-utils",
        "type": "github"
      }
    },
    "flake-utils_2": {
      "inputs": {
        "systems": "systems"
      },
      "locked": {
        "lastModified": 1731533236,
        "narHash": "sha256-l0KFg5HjrsfsO/JpG+r7fRrqm12kzFHyUHqHCVpMMbI=",
        "owner": "numtide",
        "repo": "flake-utils",
        "rev": "11707dc2f618dd54ca8739b309ec4fc024de578b",
        "type": "github"
      },
      "original": {
        "owner": "numtide",
        "repo": "flake-utils",
        "type": "github"
      }
    },
    "home-manager": {
      "inputs": {
        "nixpkgs": [
          "nixpkgs"
        ]
      },
      "locked": {
        "lastModified": 1746243165,
        "narHash": "sha256-DQycVmlyLQNLjLJ/FzpokVmbxGQ8HjQQ4zN4nyq2vII=",
        "owner": "nix-community",
        "repo": "home-manager",
        "rev": "c0962eeeabfb8127713f859ec8a5f0e86dead0f2",
        "type": "github"
      },
      "original": {
        "owner": "nix-community",
        "repo": "home-manager",
        "type": "github"
      }
    },
    "nixGL": {
      "inputs": {
        "flake-utils": "flake-utils",
        "nixpkgs": [
          "nixpkgs"
        ]
      },
      "locked": {
        "lastModified": 1713543440,
        "narHash": "sha256-lnzZQYG0+EXl/6NkGpyIz+FEOc/DSEG57AP1VsdeNrM=",
        "owner": "nix-community",
        "repo": "nixGL",
        "rev": "310f8e49a149e4c9ea52f1adf70cdc768ec53f8a",
        "type": "github"
      },
      "original": {
        "owner": "nix-community",
        "repo": "nixGL",
        "type": "github"
      }
    },
    "nixpkgs": {
      "locked": {
        "lastModified": 1746206129,
        "narHash": "sha256-JA4DynBKhY7t4DdJZTuomRLAiXFDUgCGGwxgt+XGiik=",
        "owner": "nixos",
        "repo": "nixpkgs",
        "rev": "9a7caecf30a0494c88b7daeeed29244cd9a52e7d",
        "type": "github"
      },
      "original": {
        "owner": "nixos",
        "ref": "nixpkgs-unstable",
        "repo": "nixpkgs",
        "type": "github"
      }
    },
    "nixpkgs-apocrypha": {
      "inputs": {
        "flake-utils": "flake-utils_2",
        "nixpkgs": "nixpkgs_2"
      },
      "locked": {
        "lastModified": 1748652078,
        "narHash": "sha256-p/TDLPaaeSBV5zvrjqKoi2qWstsMZd6hcgUAS9VTt8g=",
        "ref": "refs/heads/main",
        "rev": "f89efa8d2f292f53d94c2b3182ab9604433672fe",
        "revCount": 97,
        "type": "git",
        "url": "https://gitea.chiliahedron.wtf/chiliahedron/nixpkgs-apocrypha"
      },
      "original": {
        "type": "git",
        "url": "https://gitea.chiliahedron.wtf/chiliahedron/nixpkgs-apocrypha"
      }
    },
    "nixpkgs_2": {
      "locked": {
        "lastModified": 1747327360,
        "narHash": "sha256-LSmTbiq/nqZR9B2t4MRnWG7cb0KVNU70dB7RT4+wYK4=",
        "owner": "nixos",
        "repo": "nixpkgs",
        "rev": "e06158e58f3adee28b139e9c2bcfcc41f8625b46",
        "type": "github"
      },
      "original": {
        "owner": "nixos",
        "ref": "nixos-unstable",
        "repo": "nixpkgs",
        "type": "github"
      }
    },
    "root": {
      "inputs": {
        "home-manager": "home-manager",
        "nixGL": "nixGL",
        "nixpkgs": "nixpkgs",
        "nixpkgs-apocrypha": "nixpkgs-apocrypha"
      }
    },
    "systems": {
      "locked": {
        "lastModified": 1681028828,
        "narHash": "sha256-Vy1rq5AaRuLzOxct8nz4T6wlgyUR7zLU309k9mBC768=",
        "owner": "nix-systems",
        "repo": "default",
        "rev": "da67096a3b9bf56a91d16901293e51ba5b49a27e",
        "type": "github"
      },
      "original": {
        "owner": "nix-systems",
        "repo": "default",
        "type": "github"
      }
    }
  },
  "root": "root",
  "version": 7
}
